
Microsoft Visual Studio Solution File, Format Version 12.00
# Visual Studio Version 17
VisualStudioVersion = 17.3.32901.215
MinimumVisualStudioVersion = 10.0.40219.1
Project("{8BC9CEB8-8B4A-11D0-8D11-00A0C91BC942}") = "HT_GBO", "HT_GBO\HT_GBO.vcxproj", "{5396E665-E243-4170-BD5E-C0E5958CD57F}"
EndProject
Global
	GlobalSection(SolutionConfigurationPlatforms) = preSolution
		Debug|x64 = Debug|x64
		Debug|x86 = Debug|x86
		Release|x64 = Release|x64
		Release|x86 = Release|x86
	EndGlobalSection
	GlobalSection(ProjectConfigurationPlatforms) = postSolution
		{5396E665-E243-4170-BD5E-C0E5958CD57F}.Debug|x64.ActiveCfg = Debug|x64
		{5396E665-E243-4170-BD5E-C0E5958CD57F}.Debug|x64.Build.0 = Debug|x64
		{5396E665-E243-4170-BD5E-C0E5958CD57F}.Debug|x86.ActiveCfg = Debug|Win32
		{5396E665-E243-4170-BD5E-C0E5958CD57F}.Debug|x86.Build.0 = Debug|Win32
		{5396E665-E243-4170-BD5E-C0E5958CD57F}.Release|x64.ActiveCfg = Release|x64
		{5396E665-E243-4170-BD5E-C0E5958CD57F}.Release|x64.Build.0 = Release|x64
		{5396E665-E243-4170-BD5E-C0E5958CD57F}.Release|x86.ActiveCfg = Release|Win32
		{5396E665-E243-4170-BD5E-C0E5958CD57F}.Release|x86.Build.0 = Release|Win32
	EndGlobalSection
	GlobalSection(SolutionProperties) = preSolution
		HideSolutionNode = FALSE
	EndGlobalSection
	GlobalSection(ExtensibilityGlobals) = postSolution
		SolutionGuid = {64A29013-660F-41E4-A666-6461B2FE09E6}
	EndGlobalSection
EndGlobal
