<?xml version="1.0" encoding="utf-8"?>
<Project ToolsVersion="4.0" xmlns="http://schemas.microsoft.com/developer/msbuild/2003">
  <ItemGroup>
    <ClCompile Include="HT_GBO.cpp" />
    <ClCompile Include="src\affine.cpp" />
    <ClCompile Include="src\Hadamard.cpp" />
    <ClCompile Include="src\image_processing.cpp" />
    <ClCompile Include="src\POB.cpp" />
    <ClCompile Include="src\processWM.cpp" />
    <ClCompile Include="src\OF.cpp" />
    <ClCompile Include="src\attacks.cpp" />
    <ClCompile Include="src\metrics.cpp" />
  </ItemGroup>
  <ItemGroup>
    <ClInclude Include="src\affine.h" />
    <ClInclude Include="src\config.h" />
    <ClInclude Include="src\Hadamard.h" />
    <ClInclude Include="src\image_processing.h" />
    <ClInclude Include="src\POB.h" />
    <ClInclude Include="src\processWM.h" />
    <ClInclude Include="src\OF.h" />
    <ClInclude Include="src\attacks.h" />
    <ClInclude Include="src\metrics.h" />
  </ItemGroup>
  <ItemGroup>
    <Image Include="..\x64\Release\images\watermark.png" />
  </ItemGroup>
  <ItemGroup>
    <None Include="..\x64\Release\keys\KEY_A" />
    <None Include="..\x64\Release\keys\KEY_B" />
  </ItemGroup>
</Project>